// !$*UTF8*$!
{
	archiveVersion = 1;
	classes = {
	};
	objectVersion = 56;
	objects = {

/* Begin PBXBuildFile section */
		BECAE30E2A96051F0015EB51 /* AppDelegate.swift in Sources */ = {isa = PBXBuildFile; fileRef = BECAE30D2A96051F0015EB51 /* AppDelegate.swift */; };
		BECAE3102A96051F0015EB51 /* SceneDelegate.swift in Sources */ = {isa = PBXBuildFile; fileRef = BECAE30F2A96051F0015EB51 /* SceneDelegate.swift */; };
		BECAE3152A96051F0015EB51 /* Main.storyboard in Resources */ = {isa = PBXBuildFile; fileRef = BECAE3132A96051F0015EB51 /* Main.storyboard */; };
		BECAE3172A9605220015EB51 /* Assets.xcassets in Resources */ = {isa = PBXBuildFile; fileRef = BECAE3162A9605220015EB51 /* Assets.xcassets */; };
		BECAE31A2A9605220015EB51 /* LaunchScreen.storyboard in Resources */ = {isa = PBXBuildFile; fileRef = BECAE3182A9605220015EB51 /* LaunchScreen.storyboard */; };
		BECAE3242A96055A0015EB51 /* CharacterStore.swift in Sources */ = {isa = PBXBuildFile; fileRef = BECAE3222A96055A0015EB51 /* CharacterStore.swift */; };
		BECAE3252A96055A0015EB51 /* Character.swift in Sources */ = {isa = PBXBuildFile; fileRef = BECAE3232A96055A0015EB51 /* Character.swift */; };
		BECAE3272A9609BF0015EB51 /* CharacterUITableViewController.swift in Sources */ = {isa = PBXBuildFile; fileRef = BECAE3262A9609BF0015EB51 /* CharacterUITableViewController.swift */; };
/* End PBXBuildFile section */

/* Begin PBXFileReference section */
		BECAE30A2A96051F0015EB51 /* uikit_app.app */ = {isa = PBXFileReference; explicitFileType = wrapper.application; includeInIndex = 0; path = uikit_app.app; sourceTree = BUILT_PRODUCTS_DIR; };
		BECAE30D2A96051F0015EB51 /* AppDelegate.swift */ = {isa = PBXFileReference; lastKnownFileType = sourcecode.swift; path = AppDelegate.swift; sourceTree = "<group>"; };
		BECAE30F2A96051F0015EB51 /* SceneDelegate.swift */ = {isa = PBXFileReference; lastKnownFileType = sourcecode.swift; path = SceneDelegate.swift; sourceTree = "<group>"; };
		BECAE3142A96051F0015EB51 /* Base */ = {isa = PBXFileReference; lastKnownFileType = file.storyboard; name = Base; path = Base.lproj/Main.storyboard; sourceTree = "<group>"; };
		BECAE3162A9605220015EB51 /* Assets.xcassets */ = {isa = PBXFileReference; lastKnownFileType = folder.assetcatalog; path = Assets.xcassets; sourceTree = "<group>"; };
		BECAE3192A9605220015EB51 /* Base */ = {isa = PBXFileReference; lastKnownFileType = file.storyboard; name = Base; path = Base.lproj/LaunchScreen.storyboard; sourceTree = "<group>"; };
		BECAE31B2A9605220015EB51 /* Info.plist */ = {isa = PBXFileReference; lastKnownFileType = text.plist.xml; path = Info.plist; sourceTree = "<group>"; };
		BECAE3222A96055A0015EB51 /* CharacterStore.swift */ = {isa = PBXFileReference; fileEncoding = 4; lastKnownFileType = sourcecode.swift; path = CharacterStore.swift; sourceTree = "<group>"; };
		BECAE3232A96055A0015EB51 /* Character.swift */ = {isa = PBXFileReference; fileEncoding = 4; lastKnownFileType = sourcecode.swift; path = Character.swift; sourceTree = "<group>"; };
		BECAE3262A9609BF0015EB51 /* CharacterUITableViewController.swift */ = {isa = PBXFileReference; lastKnownFileType = sourcecode.swift; path = CharacterUITableViewController.swift; sourceTree = "<group>"; };
/* End PBXFileReference section */

/* Begin PBXFrameworksBuildPhase section */
		BECAE3072A96051F0015EB51 /* Frameworks */ = {
			isa = PBXFrameworksBuildPhase;
			buildActionMask = 2147483647;
			files = (
			);
			runOnlyForDeploymentPostprocessing = 0;
		};
/* End PBXFrameworksBuildPhase section */

/* Begin PBXGroup section */
		BECAE3012A96051F0015EB51 = {
			isa = PBXGroup;
			children = (
				BECAE30C2A96051F0015EB51 /* uikit_app */,
				BECAE30B2A96051F0015EB51 /* Products */,
			);
			sourceTree = "<group>";
		};
		BECAE30B2A96051F0015EB51 /* Products */ = {
			isa = PBXGroup;
			children = (
				BECAE30A2A96051F0015EB51 /* uikit_app.app */,
			);
			name = Products;
			sourceTree = "<group>";
		};
		BECAE30C2A96051F0015EB51 /* uikit_app */ = {
			isa = PBXGroup;
			children = (
				BECAE3212A96055A0015EB51 /* Models */,
				BECAE30D2A96051F0015EB51 /* AppDelegate.swift */,
				BECAE30F2A96051F0015EB51 /* SceneDelegate.swift */,
				BECAE3282A9609C60015EB51 /* ViewControllers */,
				BECAE3132A96051F0015EB51 /* Main.storyboard */,
				BECAE3162A9605220015EB51 /* Assets.xcassets */,
				BECAE3182A9605220015EB51 /* LaunchScreen.storyboard */,
				BECAE31B2A9605220015EB51 /* Info.plist */,
			);
			path = uikit_app;
			sourceTree = "<group>";
		};
		BECAE3212A96055A0015EB51 /* Models */ = {
			isa = PBXGroup;
			children = (
				BECAE3222A96055A0015EB51 /* CharacterStore.swift */,
				BECAE3232A96055A0015EB51 /* Character.swift */,
			);
			path = Models;
			sourceTree = "<group>";
		};
		BECAE3282A9609C60015EB51 /* ViewControllers */ = {
			isa = PBXGroup;
			children = (
				BECAE3262A9609BF0015EB51 /* CharacterUITableViewController.swift */,
			);
			path = ViewControllers;
			sourceTree = "<group>";
		};
/* End PBXGroup section */

/* Begin PBXNativeTarget section */
		BECAE3092A96051F0015EB51 /* uikit_app */ = {
			isa = PBXNativeTarget;
			buildConfigurationList = BECAE31E2A9605230015EB51 /* Build configuration list for PBXNativeTarget "uikit_app" */;
			buildPhases = (
				BECAE3062A96051F0015EB51 /* Sources */,
				BECAE3072A96051F0015EB51 /* Frameworks */,
				BECAE3082A96051F0015EB51 /* Resources */,
			);
			buildRules = (
			);
			dependencies = (
			);
			name = uikit_app;
			productName = uikit_app;
			productReference = BECAE30A2A96051F0015EB51 /* uikit_app.app */;
			productType = "com.apple.product-type.application";
		};
/* End PBXNativeTarget section */

/* Begin PBXProject section */
		BECAE3022A96051F0015EB51 /* Project object */ = {
			isa = PBXProject;
			attributes = {
				BuildIndependentTargetsInParallel = 1;
				LastSwiftUpdateCheck = 1430;
				LastUpgradeCheck = 1430;
				TargetAttributes = {
					BECAE3092A96051F0015EB51 = {
						CreatedOnToolsVersion = 14.3;
					};
				};
			};
			buildConfigurationList = BECAE3052A96051F0015EB51 /* Build configuration list for PBXProject "uikit_app" */;
			compatibilityVersion = "Xcode 14.0";
			developmentRegion = en;
			hasScannedForEncodings = 0;
			knownRegions = (
				en,
				Base,
			);
			mainGroup = BECAE3012A96051F0015EB51;
			productRefGroup = BECAE30B2A96051F0015EB51 /* Products */;
			projectDirPath = "";
			projectRoot = "";
			targets = (
				BECAE3092A96051F0015EB51 /* uikit_app */,
			);
		};
/* End PBXProject section */

/* Begin PBXResourcesBuildPhase section */
		BECAE3082A96051F0015EB51 /* Resources */ = {
			isa = PBXResourcesBuildPhase;
			buildActionMask = 2147483647;
			files = (
				BECAE31A2A9605220015EB51 /* LaunchScreen.storyboard in Resources */,
				BECAE3172A9605220015EB51 /* Assets.xcassets in Resources */,
				BECAE3152A96051F0015EB51 /* Main.storyboard in Resources */,
			);
			runOnlyForDeploymentPostprocessing = 0;
		};
/* End PBXResourcesBuildPhase section */

/* Begin PBXSourcesBuildPhase section */
		BECAE3062A96051F0015EB51 /* Sources */ = {
			isa = PBXSourcesBuildPhase;
			buildActionMask = 2147483647;
			files = (
				BECAE3242A96055A0015EB51 /* CharacterStore.swift in Sources */,
				BECAE3252A96055A0015EB51 /* Character.swift in Sources */,
				BECAE3272A9609BF0015EB51 /* CharacterUITableViewController.swift in Sources */,
				BECAE30E2A96051F0015EB51 /* AppDelegate.swift in Sources */,
				BECAE3102A96051F0015EB51 /* SceneDelegate.swift in Sources */,
			);
			runOnlyForDeploymentPostprocessing = 0;
		};
/* End PBXSourcesBuildPhase section */

/* Begin PBXVariantGroup section */
		BECAE3132A96051F0015EB51 /* Main.storyboard */ = {
			isa = PBXVariantGroup;
			children = (
				BECAE3142A96051F0015EB51 /* Base */,
			);
			name = Main.storyboard;
			sourceTree = "<group>";
		};
		BECAE3182A9605220015EB51 /* LaunchScreen.storyboard */ = {
			isa = PBXVariantGroup;
			children = (
				BECAE3192A9605220015EB51 /* Base */,
			);
			name = LaunchScreen.storyboard;
			sourceTree = "<group>";
		};
/* End PBXVariantGroup section */

/* Begin XCBuildConfiguration section */
		BECAE31C2A9605220015EB51 /* Debug */ = {
			isa = XCBuildConfiguration;
			buildSettings = {
				ALWAYS_SEARCH_USER_PATHS = NO;
				CLANG_ANALYZER_NONNULL = YES;
				CLANG_ANALYZER_NUMBER_OBJECT_CONVERSION = YES_AGGRESSIVE;
				CLANG_CXX_LANGUAGE_STANDARD = "gnu++20";
				CLANG_ENABLE_MODULES = YES;
				CLANG_ENABLE_OBJC_ARC = YES;
				CLANG_ENABLE_OBJC_WEAK = YES;
				CLANG_WARN_BLOCK_CAPTURE_AUTORELEASING = YES;
				CLANG_WARN_BOOL_CONVERSION = YES;
				CLANG_WARN_COMMA = YES;
				CLANG_WARN_CONSTANT_CONVERSION = YES;
				CLANG_WARN_DEPRECATED_OBJC_IMPLEMENTATIONS = YES;
				CLANG_WARN_DIRECT_OBJC_ISA_USAGE = YES_ERROR;
				CLANG_WARN_DOCUMENTATION_COMMENTS = YES;
				CLANG_WARN_EMPTY_BODY = YES;
				CLANG_WARN_ENUM_CONVERSION = YES;
				CLANG_WARN_INFINITE_RECURSION = YES;
				CLANG_WARN_INT_CONVERSION = YES;
				CLANG_WARN_NON_LITERAL_NULL_CONVERSION = YES;
				CLANG_WARN_OBJC_IMPLICIT_RETAIN_SELF = YES;
				CLANG_WARN_OBJC_LITERAL_CONVERSION = YES;
				CLANG_WARN_OBJC_ROOT_CLASS = YES_ERROR;
				CLANG_WARN_QUOTED_INCLUDE_IN_FRAMEWORK_HEADER = YES;
				CLANG_WARN_RANGE_LOOP_ANALYSIS = YES;
				CLANG_WARN_STRICT_PROTOTYPES = YES;
				CLANG_WARN_SUSPICIOUS_MOVE = YES;
				CLANG_WARN_UNGUARDED_AVAILABILITY = YES_AGGRESSIVE;
				CLANG_WARN_UNREACHABLE_CODE = YES;
				CLANG_WARN__DUPLICATE_METHOD_MATCH = YES;
				COPY_PHASE_STRIP = NO;
				DEBUG_INFORMATION_FORMAT = dwarf;
				ENABLE_STRICT_OBJC_MSGSEND = YES;
				ENABLE_TESTABILITY = YES;
				GCC_C_LANGUAGE_STANDARD = gnu11;
				GCC_DYNAMIC_NO_PIC = NO;
				GCC_NO_COMMON_BLOCKS = YES;
				GCC_OPTIMIZATION_LEVEL = 0;
				GCC_PREPROCESSOR_DEFINITIONS = (
					"DEBUG=1",
					"$(inherited)",
				);
				GCC_WARN_64_TO_32_BIT_CONVERSION = YES;
				GCC_WARN_ABOUT_RETURN_TYPE = YES_ERROR;
				GCC_WARN_UNDECLARED_SELECTOR = YES;
				GCC_WARN_UNINITIALIZED_AUTOS = YES_AGGRESSIVE;
				GCC_WARN_UNUSED_FUNCTION = YES;
				GCC_WARN_UNUSED_VARIABLE = YES;
				IPHONEOS_DEPLOYMENT_TARGET = 16.4;
				MTL_ENABLE_DEBUG_INFO = INCLUDE_SOURCE;
				MTL_FAST_MATH = YES;
				ONLY_ACTIVE_ARCH = YES;
				SDKROOT = iphoneos;
				SWIFT_ACTIVE_COMPILATION_CONDITIONS = DEBUG;
				SWIFT_OPTIMIZATION_LEVEL = "-Onone";
			};
			name = Debug;
		};
		BECAE31D2A9605230015EB51 /* Release */ = {
			isa = XCBuildConfiguration;
			buildSettings = {
				ALWAYS_SEARCH_USER_PATHS = NO;
				CLANG_ANALYZER_NONNULL = YES;
				CLANG_ANALYZER_NUMBER_OBJECT_CONVERSION = YES_AGGRESSIVE;
				CLANG_CXX_LANGUAGE_STANDARD = "gnu++20";
				CLANG_ENABLE_MODULES = YES;
				CLANG_ENABLE_OBJC_ARC = YES;
				CLANG_ENABLE_OBJC_WEAK = YES;
				CLANG_WARN_BLOCK_CAPTURE_AUTORELEASING = YES;
				CLANG_WARN_BOOL_CONVERSION = YES;
				CLANG_WARN_COMMA = YES;
				CLANG_WARN_CONSTANT_CONVERSION = YES;
				CLANG_WARN_DEPRECATED_OBJC_IMPLEMENTATIONS = YES;
				CLANG_WARN_DIRECT_OBJC_ISA_USAGE = YES_ERROR;
				CLANG_WARN_DOCUMENTATION_COMMENTS = YES;
				CLANG_WARN_EMPTY_BODY = YES;
				CLANG_WARN_ENUM_CONVERSION = YES;
				CLANG_WARN_INFINITE_RECURSION = YES;
				CLANG_WARN_INT_CONVERSION = YES;
				CLANG_WARN_NON_LITERAL_NULL_CONVERSION = YES;
				CLANG_WARN_OBJC_IMPLICIT_RETAIN_SELF = YES;
				CLANG_WARN_OBJC_LITERAL_CONVERSION = YES;
				CLANG_WARN_OBJC_ROOT_CLASS = YES_ERROR;
				CLANG_WARN_QUOTED_INCLUDE_IN_FRAMEWORK_HEADER = YES;
				CLANG_WARN_RANGE_LOOP_ANALYSIS = YES;
				CLANG_WARN_STRICT_PROTOTYPES = YES;
				CLANG_WARN_SUSPICIOUS_MOVE = YES;
				CLANG_WARN_UNGUARDED_AVAILABILITY = YES_AGGRESSIVE;
				CLANG_WARN_UNREACHABLE_CODE = YES;
				CLANG_WARN__DUPLICATE_METHOD_MATCH = YES;
				COPY_PHASE_STRIP = NO;
				DEBUG_INFORMATION_FORMAT = "dwarf-with-dsym";
				ENABLE_NS_ASSERTIONS = NO;
				ENABLE_STRICT_OBJC_MSGSEND = YES;
				GCC_C_LANGUAGE_STANDARD = gnu11;
				GCC_NO_COMMON_BLOCKS = YES;
				GCC_WARN_64_TO_32_BIT_CONVERSION = YES;
				GCC_WARN_ABOUT_RETURN_TYPE = YES_ERROR;
				GCC_WARN_UNDECLARED_SELECTOR = YES;
				GCC_WARN_UNINITIALIZED_AUTOS = YES_AGGRESSIVE;
				GCC_WARN_UNUSED_FUNCTION = YES;
				GCC_WARN_UNUSED_VARIABLE = YES;
				IPHONEOS_DEPLOYMENT_TARGET = 16.4;
				MTL_ENABLE_DEBUG_INFO = NO;
				MTL_FAST_MATH = YES;
				SDKROOT = iphoneos;
				SWIFT_COMPILATION_MODE = wholemodule;
				SWIFT_OPTIMIZATION_LEVEL = "-O";
				VALIDATE_PRODUCT = YES;
			};
			name = Release;
		};
		BECAE31F2A9605230015EB51 /* Debug */ = {
			isa = XCBuildConfiguration;
			buildSettings = {
				ASSETCATALOG_COMPILER_APPICON_NAME = AppIcon;
				ASSETCATALOG_COMPILER_GLOBAL_ACCENT_COLOR_NAME = AccentColor;
				CODE_SIGN_STYLE = Automatic;
				CURRENT_PROJECT_VERSION = 1;
				GENERATE_INFOPLIST_FILE = YES;
				INFOPLIST_FILE = uikit_app/Info.plist;
				INFOPLIST_KEY_CFBundleDisplayName = "uikit app";
				INFOPLIST_KEY_UIApplicationSupportsIndirectInputEvents = YES;
				INFOPLIST_KEY_UILaunchStoryboardName = LaunchScreen;
				INFOPLIST_KEY_UIMainStoryboardFile = Main;
				INFOPLIST_KEY_UISupportedInterfaceOrientations_iPad = "UIInterfaceOrientationPortrait UIInterfaceOrientationPortraitUpsideDown UIInterfaceOrientationLandscapeLeft UIInterfaceOrientationLandscapeRight";
				INFOPLIST_KEY_UISupportedInterfaceOrientations_iPhone = "UIInterfaceOrientationPortrait UIInterfaceOrientationLandscapeLeft UIInterfaceOrientationLandscapeRight";
				LD_RUNPATH_SEARCH_PATHS = (
					"$(inherited)",
					"@executable_path/Frameworks",
				);
				MARKETING_VERSION = 1.0;
				PRODUCT_BUNDLE_IDENTIFIER = "com.worldline.uikit-app";
				PRODUCT_NAME = "$(TARGET_NAME)";
				SWIFT_EMIT_LOC_STRINGS = YES;
				SWIFT_VERSION = 5.0;
				TARGETED_DEVICE_FAMILY = "1,2";
			};
			name = Debug;
		};
		BECAE3202A9605230015EB51 /* Release */ = {
			isa = XCBuildConfiguration;
			buildSettings = {
				ASSETCATALOG_COMPILER_APPICON_NAME = AppIcon;
				ASSETCATALOG_COMPILER_GLOBAL_ACCENT_COLOR_NAME = AccentColor;
				CODE_SIGN_STYLE = Automatic;
				CURRENT_PROJECT_VERSION = 1;
				GENERATE_INFOPLIST_FILE = YES;
				INFOPLIST_FILE = uikit_app/Info.plist;
				INFOPLIST_KEY_CFBundleDisplayName = "uikit app";
				INFOPLIST_KEY_UIApplicationSupportsIndirectInputEvents = YES;
				INFOPLIST_KEY_UILaunchStoryboardName = LaunchScreen;
				INFOPLIST_KEY_UIMainStoryboardFile = Main;
				INFOPLIST_KEY_UISupportedInterfaceOrientations_iPad = "UIInterfaceOrientationPortrait UIInterfaceOrientationPortraitUpsideDown UIInterfaceOrientationLandscapeLeft UIInterfaceOrientationLandscapeRight";
				INFOPLIST_KEY_UISupportedInterfaceOrientations_iPhone = "UIInterfaceOrientationPortrait UIInterfaceOrientationLandscapeLeft UIInterfaceOrientationLandscapeRight";
				LD_RUNPATH_SEARCH_PATHS = (
					"$(inherited)",
					"@executable_path/Frameworks",
				);
				MARKETING_VERSION = 1.0;
				PRODUCT_BUNDLE_IDENTIFIER = "com.worldline.uikit-app";
				PRODUCT_NAME = "$(TARGET_NAME)";
				SWIFT_EMIT_LOC_STRINGS = YES;
				SWIFT_VERSION = 5.0;
				TARGETED_DEVICE_FAMILY = "1,2";
			};
			name = Release;
		};
/* End XCBuildConfiguration section */

/* Begin XCConfigurationList section */
		BECAE3052A96051F0015EB51 /* Build configuration list for PBXProject "uikit_app" */ = {
			isa = XCConfigurationList;
			buildConfigurations = (
				BECAE31C2A9605220015EB51 /* Debug */,
				BECAE31D2A9605230015EB51 /* Release */,
			);
			defaultConfigurationIsVisible = 0;
			defaultConfigurationName = Release;
		};
		BECAE31E2A9605230015EB51 /* Build configuration list for PBXNativeTarget "uikit_app" */ = {
			isa = XCConfigurationList;
			buildConfigurations = (
				BECAE31F2A9605230015EB51 /* Debug */,
				BECAE3202A9605230015EB51 /* Release */,
			);
			defaultConfigurationIsVisible = 0;
			defaultConfigurationName = Release;
		};
/* End XCConfigurationList section */
	};
	rootObject = BECAE3022A96051F0015EB51 /* Project object */;
}
